
Microsoft Visual Studio Solution File, Format Version 12.00
# Visual Studio Version 16
VisualStudioVersion = 16.0.30523.141
MinimumVisualStudioVersion = 10.0.40219.1
Project("{FAE04EC0-301F-11D3-BF4B-00C04F79EFBC}") = "ItemCollection", "ItemCollection\ItemCollection.csproj", "{B185E369-B9FE-432D-879F-D93D3F745C8D}"
EndProject
Global
	GlobalSection(SolutionConfigurationPlatforms) = preSolution
		Debug|Any CPU = Debug|Any CPU
		Release|Any CPU = Release|Any CPU
	EndGlobalSection
	GlobalSection(ProjectConfigurationPlatforms) = postSolution
		{B185E369-B9FE-432D-879F-D93D3F745C8D}.Debug|Any CPU.ActiveCfg = Debug|Any CPU
		{B185E369-B9FE-432D-879F-D93D3F745C8D}.Debug|Any CPU.Build.0 = Debug|Any CPU
		{B185E369-B9FE-432D-879F-D93D3F745C8D}.Release|Any CPU.ActiveCfg = Release|Any CPU
		{B185E369-B9FE-432D-879F-D93D3F745C8D}.Release|Any CPU.Build.0 = Release|Any CPU
	EndGlobalSection
	GlobalSection(SolutionProperties) = preSolution
		HideSolutionNode = FALSE
	EndGlobalSection
	GlobalSection(ExtensibilityGlobals) = postSolution
		SolutionGuid = {00DE1011-3910-44FB-8966-24D28DFB958C}
	EndGlobalSection
EndGlobal
